{
  "object": {
    "pins": [
      {
        "package": "Async",
        "repositoryURL": "https://github.com/vapor/async.git",
        "state": {
          "branch": "beta",
          "revision": "241eac6a8ad0e689c0cacd994a150786fa7d6d89",
          "version": null
        }
      },
      {
        "package": "Console",
        "repositoryURL": "https://github.com/vapor/console.git",
        "state": {
          "branch": "beta",
          "revision": "9b84e5196144f7a291b539795ecf37fb529717df",
          "version": null
        }
      },
      {
        "package": "Core",
        "repositoryURL": "https://github.com/vapor/core.git",
        "state": {
          "branch": "beta",
          "revision": "25624927fac04de654b263d8d6ff05864e9608d7",
          "version": null
        }
      },
      {
        "package": "Crypto",
        "repositoryURL": "https://github.com/vapor/crypto.git",
        "state": {
          "branch": "beta",
          "revision": "4baa0b5dd98d37c0d71cddc260eaedc84e5a99ea",
          "version": null
        }
      },
      {
        "package": "DatabaseKit",
        "repositoryURL": "https://github.com/vapor/database-kit.git",
        "state": {
          "branch": "beta",
          "revision": "7cc0d43cf60406056c57dcd94ac44fea9ce8d09a",
          "version": null
        }
      },
      {
        "package": "Engine",
        "repositoryURL": "https://github.com/vapor/engine.git",
        "state": {
          "branch": "beta",
          "revision": "f4cf3d5819437445531bcc02da137618e0e444a2",
          "version": null
        }
      },
      {
        "package": "Fluent",
        "repositoryURL": "https://github.com/vapor/fluent.git",
        "state": {
          "branch": "beta",
          "revision": "96250e39532726869e6f8ba701ddb9f0a9c1dc69",
          "version": null
        }
      },
      {
        "package": "FluentMySQL",
        "repositoryURL": "https://github.com/vapor/mysql-driver.git",
        "state": {
          "branch": "beta",
          "revision": "c15cd418d61d54c37fa067541fe1d8ba8dbc6bed",
          "version": null
        }
      },
      {
        "package": "JWT",
        "repositoryURL": "https://github.com/vapor/jwt.git",
        "state": {
          "branch": "beta",
          "revision": "6db52acc16647b4f0b52f571a984c931c4383baf",
          "version": null
        }
      },
      {
        "package": "MimeLib",
        "repositoryURL": "https://github.com/manGoweb/MimeLib.git",
        "state": {
          "branch": null,
          "revision": "e795b624b3e9e2d57a9ba0e11543a6ee7c32067e",
          "version": "1.0.0"
        }
      },
      {
        "package": "MySQL",
        "repositoryURL": "https://github.com/vapor/mysql.git",
        "state": {
          "branch": "beta",
          "revision": "002049d5ebc8604160f2dc8c3a80d00c8a20ed75",
          "version": null
        }
      },
      {
        "package": "Redis",
        "repositoryURL": "https://github.com/vapor/redis.git",
        "state": {
          "branch": "beta",
          "revision": "8eb9a76c3fdafc70c4e62db10160259da2e381a3",
          "version": null
        }
      },
      {
        "package": "Service",
        "repositoryURL": "https://github.com/vapor/service.git",
        "state": {
          "branch": "beta",
          "revision": "0655368ce67c2787727030d091a76d0637c663b0",
          "version": null
        }
      },
      {
        "package": "Sockets",
        "repositoryURL": "https://github.com/vapor/sockets.git",
        "state": {
          "branch": "beta",
          "revision": "7c24cfbe281d9dbb8454ee55c5f821c371e83715",
          "version": null
        }
      },
      {
        "package": "SwiftShell",
        "repositoryURL": "https://github.com/kareman/SwiftShell.git",
        "state": {
          "branch": null,
          "revision": "ecf0544d740c8d729275ac3d52543511153909d6",
          "version": "4.0.0"
        }
      },
      {
        "package": "TLS",
        "repositoryURL": "https://github.com/vapor/tls.git",
        "state": {
          "branch": "beta",
          "revision": "735ce0492a006cd7ef49b6691be2450bd8706c4c",
          "version": null
        }
      },
      {
        "package": "TemplateKit",
        "repositoryURL": "https://github.com/vapor/template-kit.git",
        "state": {
          "branch": "beta",
          "revision": "1ce8c2588ba7812bf904668b402f8f91076a33e6",
          "version": null
        }
      },
      {
        "package": "Vapor",
        "repositoryURL": "https://github.com/vapor/vapor.git",
        "state": {
          "branch": "beta",
          "revision": "a3cca90ebb0a48b492b87df352fe13fb0a6c9dc2",
          "version": null
        }
      }
    ]
  },
  "version": 1
}
