{
  "object": {
    "pins": [
      {
        "package": "Console",
        "repositoryURL": "https://github.com/vapor/console.git",
        "state": {
          "branch": "nio",
          "revision": "0a82071dc4172c78918a7db23b4aaaef40068783",
          "version": null
        }
      },
      {
        "package": "Core",
        "repositoryURL": "https://github.com/vapor/core.git",
        "state": {
          "branch": "nio",
          "revision": "25acb283699ca7d2b59aac2875107c6b7b95b66d",
          "version": null
        }
      },
      {
        "package": "Crypto",
        "repositoryURL": "https://github.com/vapor/crypto.git",
        "state": {
          "branch": "nio",
          "revision": "d23c37472d778179eb0ea370d4bf4bd8e995b5ef",
          "version": null
        }
      },
      {
        "package": "DatabaseKit",
        "repositoryURL": "https://github.com/vapor/database-kit.git",
        "state": {
          "branch": "nio",
          "revision": "4fb466b622ea07737faa69476ca8aa54876cb2b3",
          "version": null
        }
      },
      {
        "package": "Engine",
        "repositoryURL": "https://github.com/vapor/engine.git",
        "state": {
          "branch": "nio",
          "revision": "a54ef9c9d61dbcad8e6296bcd2afc7a41b950f71",
          "version": null
        }
      },
      {
        "package": "Fluent",
        "repositoryURL": "https://github.com/vapor/fluent.git",
        "state": {
          "branch": "nio",
          "revision": "7d4e061d5a2bab09804cb20f03bd58f903db9d92",
          "version": null
        }
      },
      {
        "package": "FluentPostgreSQL",
        "repositoryURL": "https://github.com/vapor/fluent-postgresql.git",
        "state": {
          "branch": "nio",
          "revision": "2814c629858c83317c73e5d489eb808a163d8a4c",
          "version": null
        }
      },
      {
        "package": "JWT",
        "repositoryURL": "https://github.com/vapor/jwt.git",
        "state": {
          "branch": "nio",
          "revision": "4a5fc7689ffb15af2e08a9da6762c769cff4d5df",
          "version": null
        }
      },
      {
        "package": "PostgreSQL",
        "repositoryURL": "https://github.com/vapor/postgresql.git",
        "state": {
          "branch": "nio",
          "revision": "c2b4be0a7c3d2d0794b73b1d212a5e819fe02cf1",
          "version": null
        }
      },
      {
        "package": "Routing",
        "repositoryURL": "https://github.com/vapor/routing.git",
        "state": {
          "branch": "nio",
          "revision": "ab302896c51dabeecad2f1a297a943df321ae2b1",
          "version": null
        }
      },
      {
        "package": "Service",
        "repositoryURL": "https://github.com/vapor/service.git",
        "state": {
          "branch": "nio",
          "revision": "d51d6d00c77e1032ba6ae425f3330da9455852d8",
          "version": null
        }
      },
      {
        "package": "SwiftShell",
        "repositoryURL": "https://github.com/kareman/SwiftShell.git",
        "state": {
          "branch": null,
          "revision": "b9fd06798993153bc57cde10ee6c75ddc55c2dbd",
          "version": "4.0.2"
        }
      },
      {
        "package": "TemplateKit",
        "repositoryURL": "https://github.com/vapor/template-kit.git",
        "state": {
          "branch": "nio",
          "revision": "e53e7abad486e6cc38877ecd35b7177ab3a19e12",
          "version": null
        }
      },
      {
        "package": "Validation",
        "repositoryURL": "https://github.com/vapor/validation.git",
        "state": {
          "branch": "nio",
          "revision": "9c29d7571501233d74464e996f2c81f3c5ea0b88",
          "version": null
        }
      },
      {
        "package": "Vapor",
        "repositoryURL": "https://github.com/vapor/vapor.git",
        "state": {
          "branch": "nio",
          "revision": "dd293b7054b0f4a44d2f41c6c625eab3da331500",
          "version": null
        }
      },
      {
        "package": "VaporTestTools",
        "repositoryURL": "https://github.com/LiveUI/VaporTestTools.git",
        "state": {
          "branch": "master",
          "revision": "fbb4d99dae33b80234b08688a02a69b845d8a037",
          "version": null
        }
      },
      {
        "package": "swift-nio",
        "repositoryURL": "https://github.com/apple/swift-nio.git",
        "state": {
          "branch": null,
          "revision": "320561f4371d32c74a12158d2e18f220703fe32c",
          "version": "1.2.1"
        }
      },
      {
        "package": "swift-nio-zlib-support",
        "repositoryURL": "https://github.com/apple/swift-nio-zlib-support.git",
        "state": {
          "branch": null,
          "revision": "37760e9a52030bb9011972c5213c3350fa9d41fd",
          "version": "1.0.0"
        }
      }
    ]
  },
  "version": 1
}
