{
  "object": {
    "pins": [
      {
        "package": "Async",
        "repositoryURL": "https://github.com/vapor/async.git",
        "state": {
          "branch": "beta",
          "revision": "f5d24639c7e8ee1e3c5717c5e7185b861e97944f",
          "version": null
        }
      },
      {
        "package": "Console",
        "repositoryURL": "https://github.com/vapor/console.git",
        "state": {
          "branch": "beta",
          "revision": "2e7266b7c8c08839ea548223579f7ece74905331",
          "version": null
        }
      },
      {
        "package": "Core",
        "repositoryURL": "https://github.com/vapor/core.git",
        "state": {
          "branch": "beta",
          "revision": "a848fb34323fa194ba9255df6899dcf9291b00ff",
          "version": null
        }
      },
      {
        "package": "Crypto",
        "repositoryURL": "https://github.com/vapor/crypto.git",
        "state": {
          "branch": "beta",
          "revision": "b31cdb4ecc32b8f529a6027c1945f404c4a41c1e",
          "version": null
        }
      },
      {
        "package": "DatabaseKit",
        "repositoryURL": "https://github.com/vapor/database-kit.git",
        "state": {
          "branch": "beta",
          "revision": "c1dd27e0dd2fe01b5dd4389e8c0f59d31c9ca1f0",
          "version": null
        }
      },
      {
        "package": "Engine",
        "repositoryURL": "https://github.com/vapor/engine.git",
        "state": {
          "branch": "beta",
          "revision": "ebc00ec2eb66bf40f488468ddbd890110deb7267",
          "version": null
        }
      },
      {
        "package": "Fluent",
        "repositoryURL": "https://github.com/vapor/fluent.git",
        "state": {
          "branch": "beta",
          "revision": "aad345651d950994678233260e55c03d6362d3d3",
          "version": null
        }
      },
      {
        "package": "FluentMySQL",
        "repositoryURL": "https://github.com/vapor/mysql-driver.git",
        "state": {
          "branch": "beta",
          "revision": "307d68d8a8bc1f2333a771c8f8de32e3b2bfec36",
          "version": null
        }
      },
      {
        "package": "JWT",
        "repositoryURL": "https://github.com/vapor/jwt.git",
        "state": {
          "branch": "beta",
          "revision": "6f09717ccab8033cb684751cb235bbefbe56b472",
          "version": null
        }
      },
      {
        "package": "MimeLib",
        "repositoryURL": "https://github.com/manGoweb/MimeLib.git",
        "state": {
          "branch": null,
          "revision": "e795b624b3e9e2d57a9ba0e11543a6ee7c32067e",
          "version": "1.0.0"
        }
      },
      {
        "package": "MySQL",
        "repositoryURL": "https://github.com/vapor/mysql.git",
        "state": {
          "branch": "beta",
          "revision": "e1011bd7c6c81612c0953f5ae31b0962ba8ff248",
          "version": null
        }
      },
      {
        "package": "Redis",
        "repositoryURL": "https://github.com/vapor/redis.git",
        "state": {
          "branch": "beta",
          "revision": "2d150f6ec90b1071a0633272180c4dafc1043f92",
          "version": null
        }
      },
      {
        "package": "Service",
        "repositoryURL": "https://github.com/vapor/service.git",
        "state": {
          "branch": "beta",
          "revision": "807ac871f46b1fac3621b947cace00a249f32ddc",
          "version": null
        }
      },
      {
        "package": "SwiftShell",
        "repositoryURL": "https://github.com/kareman/SwiftShell.git",
        "state": {
          "branch": null,
          "revision": "ecf0544d740c8d729275ac3d52543511153909d6",
          "version": "4.0.0"
        }
      },
      {
        "package": "TemplateKit",
        "repositoryURL": "https://github.com/vapor/template-kit.git",
        "state": {
          "branch": "beta",
          "revision": "b5546479a8b3c299b829ec571e8aac2e1f4fef86",
          "version": null
        }
      },
      {
        "package": "Vapor",
        "repositoryURL": "https://github.com/vapor/vapor.git",
        "state": {
          "branch": "beta",
          "revision": "fd1ba29c6f70d293cb88808c0f5ef5ec672095f0",
          "version": null
        }
      }
    ]
  },
  "version": 1
}
